
Microsoft Visual Studio Solution File, Format Version 12.00
# Visual Studio Version 18
VisualStudioVersion = 18.1.11304.174 d18.0
MinimumVisualStudioVersion = 10.0.40219.1
Project("{FAE04EC0-301F-11D3-BF4B-00C04F79EFBC}") = "pumpkin-api", "pumpkin-api.csproj", "{E430CBFF-F29D-8430-AAA6-E50BFA38F57C}"
EndProject
Project("{FAE04EC0-301F-11D3-BF4B-00C04F79EFBC}") = "pumpkin-api.Tests", "..\pumpkin-api.Tests\pumpkin-api.Tests.csproj", "{CC0BA845-D28C-479D-9CC4-9C0D1BCB2E7C}"
EndProject
Project("{FAE04EC0-301F-11D3-BF4B-00C04F79EFBC}") = "pumpkin-net-models", "..\pumpkin-net-models\pumpkin-net-models.csproj", "{AFA37105-9E06-DF96-2C49-F4B656E3E5DD}"
EndProject
Global
	GlobalSection(SolutionConfigurationPlatforms) = preSolution
		Debug|Any CPU = Debug|Any CPU
		Debug|x64 = Debug|x64
		Debug|x86 = Debug|x86
		Release|Any CPU = Release|Any CPU
		Release|x64 = Release|x64
		Release|x86 = Release|x86
	EndGlobalSection
	GlobalSection(ProjectConfigurationPlatforms) = postSolution
		{E430CBFF-F29D-8430-AAA6-E50BFA38F57C}.Debug|Any CPU.ActiveCfg = Debug|Any CPU
		{E430CBFF-F29D-8430-AAA6-E50BFA38F57C}.Debug|Any CPU.Build.0 = Debug|Any CPU
		{E430CBFF-F29D-8430-AAA6-E50BFA38F57C}.Debug|x64.ActiveCfg = Debug|Any CPU
		{E430CBFF-F29D-8430-AAA6-E50BFA38F57C}.Debug|x64.Build.0 = Debug|Any CPU
		{E430CBFF-F29D-8430-AAA6-E50BFA38F57C}.Debug|x86.ActiveCfg = Debug|Any CPU
		{E430CBFF-F29D-8430-AAA6-E50BFA38F57C}.Debug|x86.Build.0 = Debug|Any CPU
		{E430CBFF-F29D-8430-AAA6-E50BFA38F57C}.Release|Any CPU.ActiveCfg = Release|Any CPU
		{E430CBFF-F29D-8430-AAA6-E50BFA38F57C}.Release|Any CPU.Build.0 = Release|Any CPU
		{E430CBFF-F29D-8430-AAA6-E50BFA38F57C}.Release|x64.ActiveCfg = Release|Any CPU
		{E430CBFF-F29D-8430-AAA6-E50BFA38F57C}.Release|x64.Build.0 = Release|Any CPU
		{E430CBFF-F29D-8430-AAA6-E50BFA38F57C}.Release|x86.ActiveCfg = Release|Any CPU
		{E430CBFF-F29D-8430-AAA6-E50BFA38F57C}.Release|x86.Build.0 = Release|Any CPU
		{CC0BA845-D28C-479D-9CC4-9C0D1BCB2E7C}.Debug|Any CPU.ActiveCfg = Debug|Any CPU
		{CC0BA845-D28C-479D-9CC4-9C0D1BCB2E7C}.Debug|Any CPU.Build.0 = Debug|Any CPU
		{CC0BA845-D28C-479D-9CC4-9C0D1BCB2E7C}.Debug|x64.ActiveCfg = Debug|Any CPU
		{CC0BA845-D28C-479D-9CC4-9C0D1BCB2E7C}.Debug|x64.Build.0 = Debug|Any CPU
		{CC0BA845-D28C-479D-9CC4-9C0D1BCB2E7C}.Debug|x86.ActiveCfg = Debug|Any CPU
		{CC0BA845-D28C-479D-9CC4-9C0D1BCB2E7C}.Debug|x86.Build.0 = Debug|Any CPU
		{CC0BA845-D28C-479D-9CC4-9C0D1BCB2E7C}.Release|Any CPU.ActiveCfg = Release|Any CPU
		{CC0BA845-D28C-479D-9CC4-9C0D1BCB2E7C}.Release|Any CPU.Build.0 = Release|Any CPU
		{CC0BA845-D28C-479D-9CC4-9C0D1BCB2E7C}.Release|x64.ActiveCfg = Release|Any CPU
		{CC0BA845-D28C-479D-9CC4-9C0D1BCB2E7C}.Release|x64.Build.0 = Release|Any CPU
		{CC0BA845-D28C-479D-9CC4-9C0D1BCB2E7C}.Release|x86.ActiveCfg = Release|Any CPU
		{CC0BA845-D28C-479D-9CC4-9C0D1BCB2E7C}.Release|x86.Build.0 = Release|Any CPU
		{AFA37105-9E06-DF96-2C49-F4B656E3E5DD}.Debug|Any CPU.ActiveCfg = Debug|Any CPU
		{AFA37105-9E06-DF96-2C49-F4B656E3E5DD}.Debug|Any CPU.Build.0 = Debug|Any CPU
		{AFA37105-9E06-DF96-2C49-F4B656E3E5DD}.Debug|x64.ActiveCfg = Debug|Any CPU
		{AFA37105-9E06-DF96-2C49-F4B656E3E5DD}.Debug|x64.Build.0 = Debug|Any CPU
		{AFA37105-9E06-DF96-2C49-F4B656E3E5DD}.Debug|x86.ActiveCfg = Debug|Any CPU
		{AFA37105-9E06-DF96-2C49-F4B656E3E5DD}.Debug|x86.Build.0 = Debug|Any CPU
		{AFA37105-9E06-DF96-2C49-F4B656E3E5DD}.Release|Any CPU.ActiveCfg = Release|Any CPU
		{AFA37105-9E06-DF96-2C49-F4B656E3E5DD}.Release|Any CPU.Build.0 = Release|Any CPU
		{AFA37105-9E06-DF96-2C49-F4B656E3E5DD}.Release|x64.ActiveCfg = Release|Any CPU
		{AFA37105-9E06-DF96-2C49-F4B656E3E5DD}.Release|x64.Build.0 = Release|Any CPU
		{AFA37105-9E06-DF96-2C49-F4B656E3E5DD}.Release|x86.ActiveCfg = Release|Any CPU
		{AFA37105-9E06-DF96-2C49-F4B656E3E5DD}.Release|x86.Build.0 = Release|Any CPU
	EndGlobalSection
	GlobalSection(SolutionProperties) = preSolution
		HideSolutionNode = FALSE
	EndGlobalSection
	GlobalSection(ExtensibilityGlobals) = postSolution
		SolutionGuid = {4D6B5A93-5855-4F85-9A59-AA86327D156E}
	EndGlobalSection
EndGlobal
